
Microsoft Visual Studio Solution File, Format Version 12.00
# Visual Studio Version 16
VisualStudioVersion = 16.0.30523.141
MinimumVisualStudioVersion = 10.0.40219.1
Project("{FAE04EC0-301F-11D3-BF4B-00C04F79EFBC}") = "KacperTylutkiProjekt", "KacperTylutkiProjekt.csproj", "{441B1431-723E-4327-8F5A-CB4A9FD0DB3F}"
EndProject
Global
	GlobalSection(SolutionConfigurationPlatforms) = preSolution
		Debug|Any CPU = Debug|Any CPU
		Release|Any CPU = Release|Any CPU
	EndGlobalSection
	GlobalSection(ProjectConfigurationPlatforms) = postSolution
		{441B1431-723E-4327-8F5A-CB4A9FD0DB3F}.Debug|Any CPU.ActiveCfg = Debug|Any CPU
		{441B1431-723E-4327-8F5A-CB4A9FD0DB3F}.Debug|Any CPU.Build.0 = Debug|Any CPU
		{441B1431-723E-4327-8F5A-CB4A9FD0DB3F}.Release|Any CPU.ActiveCfg = Release|Any CPU
		{441B1431-723E-4327-8F5A-CB4A9FD0DB3F}.Release|Any CPU.Build.0 = Release|Any CPU
	EndGlobalSection
	GlobalSection(SolutionProperties) = preSolution
		HideSolutionNode = FALSE
	EndGlobalSection
	GlobalSection(ExtensibilityGlobals) = postSolution
		SolutionGuid = {296BB995-9E6B-4301-A9F4-99C92E8FA29D}
	EndGlobalSection
EndGlobal
